
Microsoft Visual Studio Solution File, Format Version 12.00
# Visual Studio Version 16
VisualStudioVersion = 16.0.31624.102
MinimumVisualStudioVersion = 10.0.40219.1
Project("{FAE04EC0-301F-11D3-BF4B-00C04F79EFBC}") = "Snake_Game", "Snake_Game.csproj", "{A04B75C3-9876-4EA5-8132-B9D5A298A394}"
EndProject
Global
	GlobalSection(SolutionConfigurationPlatforms) = preSolution
		Debug|Any CPU = Debug|Any CPU
		Release|Any CPU = Release|Any CPU
	EndGlobalSection
	GlobalSection(ProjectConfigurationPlatforms) = postSolution
		{A04B75C3-9876-4EA5-8132-B9D5A298A394}.Debug|Any CPU.ActiveCfg = Debug|Any CPU
		{A04B75C3-9876-4EA5-8132-B9D5A298A394}.Debug|Any CPU.Build.0 = Debug|Any CPU
		{A04B75C3-9876-4EA5-8132-B9D5A298A394}.Release|Any CPU.ActiveCfg = Release|Any CPU
		{A04B75C3-9876-4EA5-8132-B9D5A298A394}.Release|Any CPU.Build.0 = Release|Any CPU
	EndGlobalSection
	GlobalSection(SolutionProperties) = preSolution
		HideSolutionNode = FALSE
	EndGlobalSection
	GlobalSection(ExtensibilityGlobals) = postSolution
		SolutionGuid = {EA3A587D-669B-4EED-BE14-F86F2638ECE0}
	EndGlobalSection
EndGlobal
